// !$*UTF8*$!
{
	archiveVersion = 1;
	classes = {
	};
	objectVersion = 50;
	objects = {

/* Begin PBXBuildFile section */
		BBD205672373E3B400B88F95 /* AppDelegate.swift in Sources */ = {isa = PBXBuildFile; fileRef = BBD205662373E3B400B88F95 /* AppDelegate.swift */; };
		BBD205692373E3B400B88F95 /* SceneDelegate.swift in Sources */ = {isa = PBXBuildFile; fileRef = BBD205682373E3B400B88F95 /* SceneDelegate.swift */; };
		BBD2056B2373E3B400B88F95 /* ViewController.swift in Sources */ = {isa = PBXBuildFile; fileRef = BBD2056A2373E3B400B88F95 /* ViewController.swift */; };
		BBD2056E2373E3B400B88F95 /* Main.storyboard in Resources */ = {isa = PBXBuildFile; fileRef = BBD2056C2373E3B400B88F95 /* Main.storyboard */; };
		BBD205702373E3B600B88F95 /* Assets.xcassets in Resources */ = {isa = PBXBuildFile; fileRef = BBD2056F2373E3B600B88F95 /* Assets.xcassets */; };
		BBD205732373E3B600B88F95 /* LaunchScreen.storyboard in Resources */ = {isa = PBXBuildFile; fileRef = BBD205712373E3B600B88F95 /* LaunchScreen.storyboard */; };
		BBD2057B2373E50300B88F95 /* board.png in Resources */ = {isa = PBXBuildFile; fileRef = BBD2057A2373E50300B88F95 /* board.png */; };
		BBD2057D2373EA4200B88F95 /* NextViewController.swift in Sources */ = {isa = PBXBuildFile; fileRef = BBD2057C2373EA4200B88F95 /* NextViewController.swift */; };
/* End PBXBuildFile section */

/* Begin PBXFileReference section */
		BBD205632373E3B400B88F95 /* NavalBattle.app */ = {isa = PBXFileReference; explicitFileType = wrapper.application; includeInIndex = 0; path = NavalBattle.app; sourceTree = BUILT_PRODUCTS_DIR; };
		BBD205662373E3B400B88F95 /* AppDelegate.swift */ = {isa = PBXFileReference; lastKnownFileType = sourcecode.swift; path = AppDelegate.swift; sourceTree = "<group>"; };
		BBD205682373E3B400B88F95 /* SceneDelegate.swift */ = {isa = PBXFileReference; lastKnownFileType = sourcecode.swift; path = SceneDelegate.swift; sourceTree = "<group>"; };
		BBD2056A2373E3B400B88F95 /* ViewController.swift */ = {isa = PBXFileReference; lastKnownFileType = sourcecode.swift; path = ViewController.swift; sourceTree = "<group>"; };
		BBD2056D2373E3B400B88F95 /* Base */ = {isa = PBXFileReference; lastKnownFileType = file.storyboard; name = Base; path = Base.lproj/Main.storyboard; sourceTree = "<group>"; };
		BBD2056F2373E3B600B88F95 /* Assets.xcassets */ = {isa = PBXFileReference; lastKnownFileType = folder.assetcatalog; path = Assets.xcassets; sourceTree = "<group>"; };
		BBD205722373E3B600B88F95 /* Base */ = {isa = PBXFileReference; lastKnownFileType = file.storyboard; name = Base; path = Base.lproj/LaunchScreen.storyboard; sourceTree = "<group>"; };
		BBD205742373E3B600B88F95 /* Info.plist */ = {isa = PBXFileReference; lastKnownFileType = text.plist.xml; path = Info.plist; sourceTree = "<group>"; };
		BBD2057A2373E50300B88F95 /* board.png */ = {isa = PBXFileReference; lastKnownFileType = image.png; path = board.png; sourceTree = "<group>"; };
		BBD2057C2373EA4200B88F95 /* NextViewController.swift */ = {isa = PBXFileReference; lastKnownFileType = sourcecode.swift; path = NextViewController.swift; sourceTree = "<group>"; };
/* End PBXFileReference section */

/* Begin PBXFrameworksBuildPhase section */
		BBD205602373E3B400B88F95 /* Frameworks */ = {
			isa = PBXFrameworksBuildPhase;
			buildActionMask = 2147483647;
			files = (
			);
			runOnlyForDeploymentPostprocessing = 0;
		};
/* End PBXFrameworksBuildPhase section */

/* Begin PBXGroup section */
		BBD2055A2373E3B400B88F95 = {
			isa = PBXGroup;
			children = (
				BBD205652373E3B400B88F95 /* NavalBattle */,
				BBD205642373E3B400B88F95 /* Products */,
			);
			sourceTree = "<group>";
		};
		BBD205642373E3B400B88F95 /* Products */ = {
			isa = PBXGroup;
			children = (
				BBD205632373E3B400B88F95 /* NavalBattle.app */,
			);
			name = Products;
			sourceTree = "<group>";
		};
		BBD205652373E3B400B88F95 /* NavalBattle */ = {
			isa = PBXGroup;
			children = (
				BBD205662373E3B400B88F95 /* AppDelegate.swift */,
				BBD205682373E3B400B88F95 /* SceneDelegate.swift */,
				BBD2057C2373EA4200B88F95 /* NextViewController.swift */,
				BBD2056A2373E3B400B88F95 /* ViewController.swift */,
				BBD2056C2373E3B400B88F95 /* Main.storyboard */,
				BBD2056F2373E3B600B88F95 /* Assets.xcassets */,
				BBD205712373E3B600B88F95 /* LaunchScreen.storyboard */,
				BBD205742373E3B600B88F95 /* Info.plist */,
				BBD2057A2373E50300B88F95 /* board.png */,
			);
			path = NavalBattle;
			sourceTree = "<group>";
		};
/* End PBXGroup section */

/* Begin PBXNativeTarget section */
		BBD205622373E3B400B88F95 /* NavalBattle */ = {
			isa = PBXNativeTarget;
			buildConfigurationList = BBD205772373E3B600B88F95 /* Build configuration list for PBXNativeTarget "NavalBattle" */;
			buildPhases = (
				BBD2055F2373E3B400B88F95 /* Sources */,
				BBD205602373E3B400B88F95 /* Frameworks */,
				BBD205612373E3B400B88F95 /* Resources */,
			);
			buildRules = (
			);
			dependencies = (
			);
			name = NavalBattle;
			productName = NavalBattle;
			productReference = BBD205632373E3B400B88F95 /* NavalBattle.app */;
			productType = "com.apple.product-type.application";
		};
/* End PBXNativeTarget section */

/* Begin PBXProject section */
		BBD2055B2373E3B400B88F95 /* Project object */ = {
			isa = PBXProject;
			attributes = {
				LastSwiftUpdateCheck = 1120;
				LastUpgradeCheck = 1120;
				ORGANIZATIONNAME = hidetaka;
				TargetAttributes = {
					BBD205622373E3B400B88F95 = {
						CreatedOnToolsVersion = 11.2;
					};
				};
			};
			buildConfigurationList = BBD2055E2373E3B400B88F95 /* Build configuration list for PBXProject "NavalBattle" */;
			compatibilityVersion = "Xcode 9.3";
			developmentRegion = en;
			hasScannedForEncodings = 0;
			knownRegions = (
				en,
				Base,
			);
			mainGroup = BBD2055A2373E3B400B88F95;
			productRefGroup = BBD205642373E3B400B88F95 /* Products */;
			projectDirPath = "";
			projectRoot = "";
			targets = (
				BBD205622373E3B400B88F95 /* NavalBattle */,
			);
		};
/* End PBXProject section */

/* Begin PBXResourcesBuildPhase section */
		BBD205612373E3B400B88F95 /* Resources */ = {
			isa = PBXResourcesBuildPhase;
			buildActionMask = 2147483647;
			files = (
				BBD2057B2373E50300B88F95 /* board.png in Resources */,
				BBD205732373E3B600B88F95 /* LaunchScreen.storyboard in Resources */,
				BBD205702373E3B600B88F95 /* Assets.xcassets in Resources */,
				BBD2056E2373E3B400B88F95 /* Main.storyboard in Resources */,
			);
			runOnlyForDeploymentPostprocessing = 0;
		};
/* End PBXResourcesBuildPhase section */

/* Begin PBXSourcesBuildPhase section */
		BBD2055F2373E3B400B88F95 /* Sources */ = {
			isa = PBXSourcesBuildPhase;
			buildActionMask = 2147483647;
			files = (
				BBD2056B2373E3B400B88F95 /* ViewController.swift in Sources */,
				BBD2057D2373EA4200B88F95 /* NextViewController.swift in Sources */,
				BBD205672373E3B400B88F95 /* AppDelegate.swift in Sources */,
				BBD205692373E3B400B88F95 /* SceneDelegate.swift in Sources */,
			);
			runOnlyForDeploymentPostprocessing = 0;
		};
/* End PBXSourcesBuildPhase section */

/* Begin PBXVariantGroup section */
		BBD2056C2373E3B400B88F95 /* Main.storyboard */ = {
			isa = PBXVariantGroup;
			children = (
				BBD2056D2373E3B400B88F95 /* Base */,
			);
			name = Main.storyboard;
			sourceTree = "<group>";
		};
		BBD205712373E3B600B88F95 /* LaunchScreen.storyboard */ = {
			isa = PBXVariantGroup;
			children = (
				BBD205722373E3B600B88F95 /* Base */,
			);
			name = LaunchScreen.storyboard;
			sourceTree = "<group>";
		};
/* End PBXVariantGroup section */

/* Begin XCBuildConfiguration section */
		BBD205752373E3B600B88F95 /* Debug */ = {
			isa = XCBuildConfiguration;
			buildSettings = {
				ALWAYS_SEARCH_USER_PATHS = NO;
				CLANG_ANALYZER_NONNULL = YES;
				CLANG_ANALYZER_NUMBER_OBJECT_CONVERSION = YES_AGGRESSIVE;
				CLANG_CXX_LANGUAGE_STANDARD = "gnu++14";
				CLANG_CXX_LIBRARY = "libc++";
				CLANG_ENABLE_MODULES = YES;
				CLANG_ENABLE_OBJC_ARC = YES;
				CLANG_ENABLE_OBJC_WEAK = YES;
				CLANG_WARN_BLOCK_CAPTURE_AUTORELEASING = YES;
				CLANG_WARN_BOOL_CONVERSION = YES;
				CLANG_WARN_COMMA = YES;
				CLANG_WARN_CONSTANT_CONVERSION = YES;
				CLANG_WARN_DEPRECATED_OBJC_IMPLEMENTATIONS = YES;
				CLANG_WARN_DIRECT_OBJC_ISA_USAGE = YES_ERROR;
				CLANG_WARN_DOCUMENTATION_COMMENTS = YES;
				CLANG_WARN_EMPTY_BODY = YES;
				CLANG_WARN_ENUM_CONVERSION = YES;
				CLANG_WARN_INFINITE_RECURSION = YES;
				CLANG_WARN_INT_CONVERSION = YES;
				CLANG_WARN_NON_LITERAL_NULL_CONVERSION = YES;
				CLANG_WARN_OBJC_IMPLICIT_RETAIN_SELF = YES;
				CLANG_WARN_OBJC_LITERAL_CONVERSION = YES;
				CLANG_WARN_OBJC_ROOT_CLASS = YES_ERROR;
				CLANG_WARN_RANGE_LOOP_ANALYSIS = YES;
				CLANG_WARN_STRICT_PROTOTYPES = YES;
				CLANG_WARN_SUSPICIOUS_MOVE = YES;
				CLANG_WARN_UNGUARDED_AVAILABILITY = YES_AGGRESSIVE;
				CLANG_WARN_UNREACHABLE_CODE = YES;
				CLANG_WARN__DUPLICATE_METHOD_MATCH = YES;
				COPY_PHASE_STRIP = NO;
				DEBUG_INFORMATION_FORMAT = dwarf;
				ENABLE_STRICT_OBJC_MSGSEND = YES;
				ENABLE_TESTABILITY = YES;
				GCC_C_LANGUAGE_STANDARD = gnu11;
				GCC_DYNAMIC_NO_PIC = NO;
				GCC_NO_COMMON_BLOCKS = YES;
				GCC_OPTIMIZATION_LEVEL = 0;
				GCC_PREPROCESSOR_DEFINITIONS = (
					"DEBUG=1",
					"$(inherited)",
				);
				GCC_WARN_64_TO_32_BIT_CONVERSION = YES;
				GCC_WARN_ABOUT_RETURN_TYPE = YES_ERROR;
				GCC_WARN_UNDECLARED_SELECTOR = YES;
				GCC_WARN_UNINITIALIZED_AUTOS = YES_AGGRESSIVE;
				GCC_WARN_UNUSED_FUNCTION = YES;
				GCC_WARN_UNUSED_VARIABLE = YES;
				IPHONEOS_DEPLOYMENT_TARGET = 13.2;
				MTL_ENABLE_DEBUG_INFO = INCLUDE_SOURCE;
				MTL_FAST_MATH = YES;
				ONLY_ACTIVE_ARCH = YES;
				SDKROOT = iphoneos;
				SWIFT_ACTIVE_COMPILATION_CONDITIONS = DEBUG;
				SWIFT_OPTIMIZATION_LEVEL = "-Onone";
			};
			name = Debug;
		};
		BBD205762373E3B600B88F95 /* Release */ = {
			isa = XCBuildConfiguration;
			buildSettings = {
				ALWAYS_SEARCH_USER_PATHS = NO;
				CLANG_ANALYZER_NONNULL = YES;
				CLANG_ANALYZER_NUMBER_OBJECT_CONVERSION = YES_AGGRESSIVE;
				CLANG_CXX_LANGUAGE_STANDARD = "gnu++14";
				CLANG_CXX_LIBRARY = "libc++";
				CLANG_ENABLE_MODULES = YES;
				CLANG_ENABLE_OBJC_ARC = YES;
				CLANG_ENABLE_OBJC_WEAK = YES;
				CLANG_WARN_BLOCK_CAPTURE_AUTORELEASING = YES;
				CLANG_WARN_BOOL_CONVERSION = YES;
				CLANG_WARN_COMMA = YES;
				CLANG_WARN_CONSTANT_CONVERSION = YES;
				CLANG_WARN_DEPRECATED_OBJC_IMPLEMENTATIONS = YES;
				CLANG_WARN_DIRECT_OBJC_ISA_USAGE = YES_ERROR;
				CLANG_WARN_DOCUMENTATION_COMMENTS = YES;
				CLANG_WARN_EMPTY_BODY = YES;
				CLANG_WARN_ENUM_CONVERSION = YES;
				CLANG_WARN_INFINITE_RECURSION = YES;
				CLANG_WARN_INT_CONVERSION = YES;
				CLANG_WARN_NON_LITERAL_NULL_CONVERSION = YES;
				CLANG_WARN_OBJC_IMPLICIT_RETAIN_SELF = YES;
				CLANG_WARN_OBJC_LITERAL_CONVERSION = YES;
				CLANG_WARN_OBJC_ROOT_CLASS = YES_ERROR;
				CLANG_WARN_RANGE_LOOP_ANALYSIS = YES;
				CLANG_WARN_STRICT_PROTOTYPES = YES;
				CLANG_WARN_SUSPICIOUS_MOVE = YES;
				CLANG_WARN_UNGUARDED_AVAILABILITY = YES_AGGRESSIVE;
				CLANG_WARN_UNREACHABLE_CODE = YES;
				CLANG_WARN__DUPLICATE_METHOD_MATCH = YES;
				COPY_PHASE_STRIP = NO;
				DEBUG_INFORMATION_FORMAT = "dwarf-with-dsym";
				ENABLE_NS_ASSERTIONS = NO;
				ENABLE_STRICT_OBJC_MSGSEND = YES;
				GCC_C_LANGUAGE_STANDARD = gnu11;
				GCC_NO_COMMON_BLOCKS = YES;
				GCC_WARN_64_TO_32_BIT_CONVERSION = YES;
				GCC_WARN_ABOUT_RETURN_TYPE = YES_ERROR;
				GCC_WARN_UNDECLARED_SELECTOR = YES;
				GCC_WARN_UNINITIALIZED_AUTOS = YES_AGGRESSIVE;
				GCC_WARN_UNUSED_FUNCTION = YES;
				GCC_WARN_UNUSED_VARIABLE = YES;
				IPHONEOS_DEPLOYMENT_TARGET = 13.2;
				MTL_ENABLE_DEBUG_INFO = NO;
				MTL_FAST_MATH = YES;
				SDKROOT = iphoneos;
				SWIFT_COMPILATION_MODE = wholemodule;
				SWIFT_OPTIMIZATION_LEVEL = "-O";
				VALIDATE_PRODUCT = YES;
			};
			name = Release;
		};
		BBD205782373E3B600B88F95 /* Debug */ = {
			isa = XCBuildConfiguration;
			buildSettings = {
				ASSETCATALOG_COMPILER_APPICON_NAME = AppIcon;
				CODE_SIGN_STYLE = Automatic;
				DEVELOPMENT_TEAM = 39N7ZL3W9H;
				INFOPLIST_FILE = NavalBattle/Info.plist;
				LD_RUNPATH_SEARCH_PATHS = (
					"$(inherited)",
					"@executable_path/Frameworks",
				);
				PRODUCT_BUNDLE_IDENTIFIER = "com.gamil-tkhshdtk.NavalBattle";
				PRODUCT_NAME = "$(TARGET_NAME)";
				SWIFT_VERSION = 5.0;
				TARGETED_DEVICE_FAMILY = "1,2";
			};
			name = Debug;
		};
		BBD205792373E3B600B88F95 /* Release */ = {
			isa = XCBuildConfiguration;
			buildSettings = {
				ASSETCATALOG_COMPILER_APPICON_NAME = AppIcon;
				CODE_SIGN_STYLE = Automatic;
				DEVELOPMENT_TEAM = 39N7ZL3W9H;
				INFOPLIST_FILE = NavalBattle/Info.plist;
				LD_RUNPATH_SEARCH_PATHS = (
					"$(inherited)",
					"@executable_path/Frameworks",
				);
				PRODUCT_BUNDLE_IDENTIFIER = "com.gamil-tkhshdtk.NavalBattle";
				PRODUCT_NAME = "$(TARGET_NAME)";
				SWIFT_VERSION = 5.0;
				TARGETED_DEVICE_FAMILY = "1,2";
			};
			name = Release;
		};
/* End XCBuildConfiguration section */

/* Begin XCConfigurationList section */
		BBD2055E2373E3B400B88F95 /* Build configuration list for PBXProject "NavalBattle" */ = {
			isa = XCConfigurationList;
			buildConfigurations = (
				BBD205752373E3B600B88F95 /* Debug */,
				BBD205762373E3B600B88F95 /* Release */,
			);
			defaultConfigurationIsVisible = 0;
			defaultConfigurationName = Release;
		};
		BBD205772373E3B600B88F95 /* Build configuration list for PBXNativeTarget "NavalBattle" */ = {
			isa = XCConfigurationList;
			buildConfigurations = (
				BBD205782373E3B600B88F95 /* Debug */,
				BBD205792373E3B600B88F95 /* Release */,
			);
			defaultConfigurationIsVisible = 0;
			defaultConfigurationName = Release;
		};
/* End XCConfigurationList section */
	};
	rootObject = BBD2055B2373E3B400B88F95 /* Project object */;
}
